
Microsoft Visual Studio Solution File, Format Version 12.00
# Visual Studio 15
VisualStudioVersion = 15.0.28307.852
MinimumVisualStudioVersion = 10.0.40219.1
Project("{FAE04EC0-301F-11D3-BF4B-00C04F79EFBC}") = "Csharp", "Csharp\Csharp.csproj", "{C4986470-4D2C-4D25-ADEB-97B7CBF8EBCB}"
EndProject
Project("{FAE04EC0-301F-11D3-BF4B-00C04F79EFBC}") = "ConsoleHelloWorld", "ConsoleHelloWorld\ConsoleHelloWorld.csproj", "{FDA1B972-FF9E-4C97-A985-EF2A2F5FEEB1}"
EndProject
Project("{FAE04EC0-301F-11D3-BF4B-00C04F79EFBC}") = "WindowsFormsHelloWorld", "WindowsFormsHelloWorld\WindowsFormsHelloWorld.csproj", "{8B7A3646-FCD1-4EE2-84BE-CC271208CD27}"
EndProject
Project("{FAE04EC0-301F-11D3-BF4B-00C04F79EFBC}") = "WpfHelloWorld", "WpfHelloWorld\WpfHelloWorld.csproj", "{28F3B2F6-24C0-4FCD-96D9-63FA58CBA9A5}"
EndProject
Project("{FAE04EC0-301F-11D3-BF4B-00C04F79EFBC}") = "WebFormHelloWorld", "WebFormHelloWorld\WebFormHelloWorld.csproj", "{D9F08BF3-D8FA-4B98-BAFB-590C8E3AC431}"
EndProject
Project("{FAE04EC0-301F-11D3-BF4B-00C04F79EFBC}") = "WebMVC", "WebMVC\WebMVC.csproj", "{799A1CDE-E1F0-4537-B33B-94D06B695923}"
EndProject
Project("{FAE04EC0-301F-11D3-BF4B-00C04F79EFBC}") = "HelloWorld1001", "HelloWorld1001\HelloWorld1001.csproj", "{2ED59FEA-BBD3-411E-A330-84EC89C4DFDF}"
EndProject
Project("{FAE04EC0-301F-11D3-BF4B-00C04F79EFBC}") = "SuperCalculator", "SuperCalculator\SuperCalculator.csproj", "{A2F1C85C-D8D9-4F4C-87C2-40EC5965A83B}"
EndProject
Global
	GlobalSection(SolutionConfigurationPlatforms) = preSolution
		Debug|Any CPU = Debug|Any CPU
		Release|Any CPU = Release|Any CPU
	EndGlobalSection
	GlobalSection(ProjectConfigurationPlatforms) = postSolution
		{C4986470-4D2C-4D25-ADEB-97B7CBF8EBCB}.Debug|Any CPU.ActiveCfg = Debug|Any CPU
		{C4986470-4D2C-4D25-ADEB-97B7CBF8EBCB}.Debug|Any CPU.Build.0 = Debug|Any CPU
		{C4986470-4D2C-4D25-ADEB-97B7CBF8EBCB}.Release|Any CPU.ActiveCfg = Release|Any CPU
		{C4986470-4D2C-4D25-ADEB-97B7CBF8EBCB}.Release|Any CPU.Build.0 = Release|Any CPU
		{FDA1B972-FF9E-4C97-A985-EF2A2F5FEEB1}.Debug|Any CPU.ActiveCfg = Debug|Any CPU
		{FDA1B972-FF9E-4C97-A985-EF2A2F5FEEB1}.Debug|Any CPU.Build.0 = Debug|Any CPU
		{FDA1B972-FF9E-4C97-A985-EF2A2F5FEEB1}.Release|Any CPU.ActiveCfg = Release|Any CPU
		{FDA1B972-FF9E-4C97-A985-EF2A2F5FEEB1}.Release|Any CPU.Build.0 = Release|Any CPU
		{8B7A3646-FCD1-4EE2-84BE-CC271208CD27}.Debug|Any CPU.ActiveCfg = Debug|Any CPU
		{8B7A3646-FCD1-4EE2-84BE-CC271208CD27}.Debug|Any CPU.Build.0 = Debug|Any CPU
		{8B7A3646-FCD1-4EE2-84BE-CC271208CD27}.Release|Any CPU.ActiveCfg = Release|Any CPU
		{8B7A3646-FCD1-4EE2-84BE-CC271208CD27}.Release|Any CPU.Build.0 = Release|Any CPU
		{28F3B2F6-24C0-4FCD-96D9-63FA58CBA9A5}.Debug|Any CPU.ActiveCfg = Debug|Any CPU
		{28F3B2F6-24C0-4FCD-96D9-63FA58CBA9A5}.Debug|Any CPU.Build.0 = Debug|Any CPU
		{28F3B2F6-24C0-4FCD-96D9-63FA58CBA9A5}.Release|Any CPU.ActiveCfg = Release|Any CPU
		{28F3B2F6-24C0-4FCD-96D9-63FA58CBA9A5}.Release|Any CPU.Build.0 = Release|Any CPU
		{D9F08BF3-D8FA-4B98-BAFB-590C8E3AC431}.Debug|Any CPU.ActiveCfg = Debug|Any CPU
		{D9F08BF3-D8FA-4B98-BAFB-590C8E3AC431}.Debug|Any CPU.Build.0 = Debug|Any CPU
		{D9F08BF3-D8FA-4B98-BAFB-590C8E3AC431}.Release|Any CPU.ActiveCfg = Release|Any CPU
		{D9F08BF3-D8FA-4B98-BAFB-590C8E3AC431}.Release|Any CPU.Build.0 = Release|Any CPU
		{799A1CDE-E1F0-4537-B33B-94D06B695923}.Debug|Any CPU.ActiveCfg = Debug|Any CPU
		{799A1CDE-E1F0-4537-B33B-94D06B695923}.Debug|Any CPU.Build.0 = Debug|Any CPU
		{799A1CDE-E1F0-4537-B33B-94D06B695923}.Release|Any CPU.ActiveCfg = Release|Any CPU
		{799A1CDE-E1F0-4537-B33B-94D06B695923}.Release|Any CPU.Build.0 = Release|Any CPU
		{2ED59FEA-BBD3-411E-A330-84EC89C4DFDF}.Debug|Any CPU.ActiveCfg = Debug|Any CPU
		{2ED59FEA-BBD3-411E-A330-84EC89C4DFDF}.Debug|Any CPU.Build.0 = Debug|Any CPU
		{2ED59FEA-BBD3-411E-A330-84EC89C4DFDF}.Release|Any CPU.ActiveCfg = Release|Any CPU
		{2ED59FEA-BBD3-411E-A330-84EC89C4DFDF}.Release|Any CPU.Build.0 = Release|Any CPU
		{A2F1C85C-D8D9-4F4C-87C2-40EC5965A83B}.Debug|Any CPU.ActiveCfg = Debug|Any CPU
		{A2F1C85C-D8D9-4F4C-87C2-40EC5965A83B}.Debug|Any CPU.Build.0 = Debug|Any CPU
		{A2F1C85C-D8D9-4F4C-87C2-40EC5965A83B}.Release|Any CPU.ActiveCfg = Release|Any CPU
		{A2F1C85C-D8D9-4F4C-87C2-40EC5965A83B}.Release|Any CPU.Build.0 = Release|Any CPU
	EndGlobalSection
	GlobalSection(SolutionProperties) = preSolution
		HideSolutionNode = FALSE
	EndGlobalSection
	GlobalSection(ExtensibilityGlobals) = postSolution
		SolutionGuid = {40FBC3A0-9F6A-49C8-8D96-6EC1F463D5C1}
	EndGlobalSection
EndGlobal
