
Microsoft Visual Studio Solution File, Format Version 12.00
# Visual Studio 15
VisualStudioVersion = 15.0.28307.852
MinimumVisualStudioVersion = 10.0.40219.1
Project("{FAE04EC0-301F-11D3-BF4B-00C04F79EFBC}") = "Csharp1104", "Csharp1104\Csharp1104.csproj", "{E4290758-8A25-4BD8-84DF-3515D92B5BED}"
EndProject
Project("{FAE04EC0-301F-11D3-BF4B-00C04F79EFBC}") = "SAP", "SAP\SAP.csproj", "{24871498-594E-4218-B5BE-259432A25FBE}"
EndProject
Project("{6989167D-11E4-40FE-8C1A-2192A86A7E90}") = "BOXDESIGN", "BOXDESIGN\BOXDESIGN.vfproj", "{76E19390-4139-4C61-8F38-0A2ABF268799}"
EndProject
Project("{FAE04EC0-301F-11D3-BF4B-00C04F79EFBC}") = "BOX_Design", "BOX_Design\BOX_Design.csproj", "{B37926DD-9AA7-4751-9FEA-4519EF5B5816}"
EndProject
Global
	GlobalSection(SolutionConfigurationPlatforms) = preSolution
		Debug|Any CPU = Debug|Any CPU
		Debug|x86 = Debug|x86
		Release|Any CPU = Release|Any CPU
		Release|x86 = Release|x86
	EndGlobalSection
	GlobalSection(ProjectConfigurationPlatforms) = postSolution
		{E4290758-8A25-4BD8-84DF-3515D92B5BED}.Debug|Any CPU.ActiveCfg = Debug|Any CPU
		{E4290758-8A25-4BD8-84DF-3515D92B5BED}.Debug|Any CPU.Build.0 = Debug|Any CPU
		{E4290758-8A25-4BD8-84DF-3515D92B5BED}.Debug|x86.ActiveCfg = Debug|Any CPU
		{E4290758-8A25-4BD8-84DF-3515D92B5BED}.Debug|x86.Build.0 = Debug|Any CPU
		{E4290758-8A25-4BD8-84DF-3515D92B5BED}.Release|Any CPU.ActiveCfg = Release|Any CPU
		{E4290758-8A25-4BD8-84DF-3515D92B5BED}.Release|Any CPU.Build.0 = Release|Any CPU
		{E4290758-8A25-4BD8-84DF-3515D92B5BED}.Release|x86.ActiveCfg = Release|Any CPU
		{E4290758-8A25-4BD8-84DF-3515D92B5BED}.Release|x86.Build.0 = Release|Any CPU
		{24871498-594E-4218-B5BE-259432A25FBE}.Debug|Any CPU.ActiveCfg = Debug|Any CPU
		{24871498-594E-4218-B5BE-259432A25FBE}.Debug|Any CPU.Build.0 = Debug|Any CPU
		{24871498-594E-4218-B5BE-259432A25FBE}.Debug|x86.ActiveCfg = Debug|Any CPU
		{24871498-594E-4218-B5BE-259432A25FBE}.Debug|x86.Build.0 = Debug|Any CPU
		{24871498-594E-4218-B5BE-259432A25FBE}.Release|Any CPU.ActiveCfg = Release|Any CPU
		{24871498-594E-4218-B5BE-259432A25FBE}.Release|Any CPU.Build.0 = Release|Any CPU
		{24871498-594E-4218-B5BE-259432A25FBE}.Release|x86.ActiveCfg = Release|Any CPU
		{24871498-594E-4218-B5BE-259432A25FBE}.Release|x86.Build.0 = Release|Any CPU
		{76E19390-4139-4C61-8F38-0A2ABF268799}.Debug|Any CPU.ActiveCfg = Debug|Win32
		{76E19390-4139-4C61-8F38-0A2ABF268799}.Debug|x86.ActiveCfg = Debug|Win32
		{76E19390-4139-4C61-8F38-0A2ABF268799}.Debug|x86.Build.0 = Debug|Win32
		{76E19390-4139-4C61-8F38-0A2ABF268799}.Release|Any CPU.ActiveCfg = Release|Win32
		{76E19390-4139-4C61-8F38-0A2ABF268799}.Release|x86.ActiveCfg = Release|Win32
		{76E19390-4139-4C61-8F38-0A2ABF268799}.Release|x86.Build.0 = Release|Win32
		{B37926DD-9AA7-4751-9FEA-4519EF5B5816}.Debug|Any CPU.ActiveCfg = Debug|Any CPU
		{B37926DD-9AA7-4751-9FEA-4519EF5B5816}.Debug|Any CPU.Build.0 = Debug|Any CPU
		{B37926DD-9AA7-4751-9FEA-4519EF5B5816}.Debug|x86.ActiveCfg = Debug|Any CPU
		{B37926DD-9AA7-4751-9FEA-4519EF5B5816}.Debug|x86.Build.0 = Debug|Any CPU
		{B37926DD-9AA7-4751-9FEA-4519EF5B5816}.Release|Any CPU.ActiveCfg = Release|Any CPU
		{B37926DD-9AA7-4751-9FEA-4519EF5B5816}.Release|Any CPU.Build.0 = Release|Any CPU
		{B37926DD-9AA7-4751-9FEA-4519EF5B5816}.Release|x86.ActiveCfg = Release|Any CPU
		{B37926DD-9AA7-4751-9FEA-4519EF5B5816}.Release|x86.Build.0 = Release|Any CPU
	EndGlobalSection
	GlobalSection(SolutionProperties) = preSolution
		HideSolutionNode = FALSE
	EndGlobalSection
	GlobalSection(ExtensibilityGlobals) = postSolution
		SolutionGuid = {4D40CEEF-7C95-474B-9CA1-EBA9F2688FA3}
	EndGlobalSection
EndGlobal
