
Microsoft Visual Studio Solution File, Format Version 12.00
# Visual Studio 15
VisualStudioVersion = 15.0.28307.852
MinimumVisualStudioVersion = 10.0.40219.1
Project("{FAE04EC0-301F-11D3-BF4B-00C04F79EFBC}") = "Class7Type", "Class7Type\Class7Type.csproj", "{7570144F-5B1A-4262-A39B-FE88ECB2E305}"
EndProject
Project("{FAE04EC0-301F-11D3-BF4B-00C04F79EFBC}") = "Class7shengming", "Class7shengming\Class7shengming.csproj", "{F9604DE7-56B0-4CEF-A540-C34787DBA3F4}"
EndProject
Global
	GlobalSection(SolutionConfigurationPlatforms) = preSolution
		Debug|Any CPU = Debug|Any CPU
		Release|Any CPU = Release|Any CPU
	EndGlobalSection
	GlobalSection(ProjectConfigurationPlatforms) = postSolution
		{7570144F-5B1A-4262-A39B-FE88ECB2E305}.Debug|Any CPU.ActiveCfg = Debug|Any CPU
		{7570144F-5B1A-4262-A39B-FE88ECB2E305}.Debug|Any CPU.Build.0 = Debug|Any CPU
		{7570144F-5B1A-4262-A39B-FE88ECB2E305}.Release|Any CPU.ActiveCfg = Release|Any CPU
		{7570144F-5B1A-4262-A39B-FE88ECB2E305}.Release|Any CPU.Build.0 = Release|Any CPU
		{F9604DE7-56B0-4CEF-A540-C34787DBA3F4}.Debug|Any CPU.ActiveCfg = Debug|Any CPU
		{F9604DE7-56B0-4CEF-A540-C34787DBA3F4}.Debug|Any CPU.Build.0 = Debug|Any CPU
		{F9604DE7-56B0-4CEF-A540-C34787DBA3F4}.Release|Any CPU.ActiveCfg = Release|Any CPU
		{F9604DE7-56B0-4CEF-A540-C34787DBA3F4}.Release|Any CPU.Build.0 = Release|Any CPU
	EndGlobalSection
	GlobalSection(SolutionProperties) = preSolution
		HideSolutionNode = FALSE
	EndGlobalSection
	GlobalSection(ExtensibilityGlobals) = postSolution
		SolutionGuid = {CEC19B6F-0516-4BC4-A4DE-8C2D130877B9}
	EndGlobalSection
EndGlobal
