
Microsoft Visual Studio Solution File, Format Version 12.00
# Visual Studio 15
VisualStudioVersion = 15.0.28307.852
MinimumVisualStudioVersion = 10.0.40219.1
Project("{FAE04EC0-301F-11D3-BF4B-00C04F79EFBC}") = "field", "field\field.csproj", "{CD0D5561-272D-4A90-B33E-EE965C0EC919}"
EndProject
Project("{FAE04EC0-301F-11D3-BF4B-00C04F79EFBC}") = "staticField", "staticField\staticField.csproj", "{CD60F969-41BA-47C2-984C-D7A512370450}"
EndProject
Project("{FAE04EC0-301F-11D3-BF4B-00C04F79EFBC}") = "property", "property\property.csproj", "{B1FBC04E-C02F-406B-BFBD-4EBB9C3E4801}"
EndProject
Global
	GlobalSection(SolutionConfigurationPlatforms) = preSolution
		Debug|Any CPU = Debug|Any CPU
		Release|Any CPU = Release|Any CPU
	EndGlobalSection
	GlobalSection(ProjectConfigurationPlatforms) = postSolution
		{CD0D5561-272D-4A90-B33E-EE965C0EC919}.Debug|Any CPU.ActiveCfg = Debug|Any CPU
		{CD0D5561-272D-4A90-B33E-EE965C0EC919}.Debug|Any CPU.Build.0 = Debug|Any CPU
		{CD0D5561-272D-4A90-B33E-EE965C0EC919}.Release|Any CPU.ActiveCfg = Release|Any CPU
		{CD0D5561-272D-4A90-B33E-EE965C0EC919}.Release|Any CPU.Build.0 = Release|Any CPU
		{CD60F969-41BA-47C2-984C-D7A512370450}.Debug|Any CPU.ActiveCfg = Debug|Any CPU
		{CD60F969-41BA-47C2-984C-D7A512370450}.Debug|Any CPU.Build.0 = Debug|Any CPU
		{CD60F969-41BA-47C2-984C-D7A512370450}.Release|Any CPU.ActiveCfg = Release|Any CPU
		{CD60F969-41BA-47C2-984C-D7A512370450}.Release|Any CPU.Build.0 = Release|Any CPU
		{B1FBC04E-C02F-406B-BFBD-4EBB9C3E4801}.Debug|Any CPU.ActiveCfg = Debug|Any CPU
		{B1FBC04E-C02F-406B-BFBD-4EBB9C3E4801}.Debug|Any CPU.Build.0 = Debug|Any CPU
		{B1FBC04E-C02F-406B-BFBD-4EBB9C3E4801}.Release|Any CPU.ActiveCfg = Release|Any CPU
		{B1FBC04E-C02F-406B-BFBD-4EBB9C3E4801}.Release|Any CPU.Build.0 = Release|Any CPU
	EndGlobalSection
	GlobalSection(SolutionProperties) = preSolution
		HideSolutionNode = FALSE
	EndGlobalSection
	GlobalSection(ExtensibilityGlobals) = postSolution
		SolutionGuid = {CB95AB7A-7EFB-4472-A1A0-6BADB7850BBA}
	EndGlobalSection
EndGlobal
