
Microsoft Visual Studio Solution File, Format Version 12.00
# Visual Studio 15
VisualStudioVersion = 15.0.28307.852
MinimumVisualStudioVersion = 10.0.40219.1
Project("{FAE04EC0-301F-11D3-BF4B-00C04F79EFBC}") = "Class9Expression", "Class9Expression\Class9Expression.csproj", "{EF333390-8354-4A12-A8FA-31EF9BC47713}"
EndProject
Global
	GlobalSection(SolutionConfigurationPlatforms) = preSolution
		Debug|Any CPU = Debug|Any CPU
		Release|Any CPU = Release|Any CPU
	EndGlobalSection
	GlobalSection(ProjectConfigurationPlatforms) = postSolution
		{EF333390-8354-4A12-A8FA-31EF9BC47713}.Debug|Any CPU.ActiveCfg = Debug|Any CPU
		{EF333390-8354-4A12-A8FA-31EF9BC47713}.Debug|Any CPU.Build.0 = Debug|Any CPU
		{EF333390-8354-4A12-A8FA-31EF9BC47713}.Release|Any CPU.ActiveCfg = Release|Any CPU
		{EF333390-8354-4A12-A8FA-31EF9BC47713}.Release|Any CPU.Build.0 = Release|Any CPU
	EndGlobalSection
	GlobalSection(SolutionProperties) = preSolution
		HideSolutionNode = FALSE
	EndGlobalSection
	GlobalSection(ExtensibilityGlobals) = postSolution
		SolutionGuid = {B1136CF5-D368-4FDB-8B03-BADFFEA5D8EE}
	EndGlobalSection
EndGlobal
